// !$*UTF8*$!
{
	archiveVersion = 1;
	classes = {
	};
	objectVersion = 54;
	objects = {

/* Begin PBXBuildFile section */
		6619304B26165AAB00C1CB4C /* YouBlockhead.ttf in Resources */ = {isa = PBXBuildFile; fileRef = 66559B3925F7FA33008D92E4 /* YouBlockhead.ttf */; };
		6619305326165AC800C1CB4C /* OpenProfTests.swift in Sources */ = {isa = PBXBuildFile; fileRef = 6680264725D71ABF0095B378 /* OpenProfTests.swift */; };
		6619307026165CAD00C1CB4C /* OpenProf.xcdatamodeld in Sources */ = {isa = PBXBuildFile; fileRef = 66231D2225EADDE600FC70A6 /* OpenProf.xcdatamodeld */; };
		66231D2925EADF4A00FC70A6 /* LoginViewController.swift in Sources */ = {isa = PBXBuildFile; fileRef = 66231D2825EADF4A00FC70A6 /* LoginViewController.swift */; };
		6629C60626060920007859A7 /* ProfilViewController.swift in Sources */ = {isa = PBXBuildFile; fileRef = 6629C60526060920007859A7 /* ProfilViewController.swift */; };
		6665ACDE2617AAB000688AF2 /* LaunchScreenController.swift in Sources */ = {isa = PBXBuildFile; fileRef = 6665ACDD2617AAB000688AF2 /* LaunchScreenController.swift */; };
		6680263125D71AB80095B378 /* AppDelegate.swift in Sources */ = {isa = PBXBuildFile; fileRef = 6680263025D71AB80095B378 /* AppDelegate.swift */; };
		6680263325D71AB80095B378 /* SceneDelegate.swift in Sources */ = {isa = PBXBuildFile; fileRef = 6680263225D71AB80095B378 /* SceneDelegate.swift */; };
		6680263525D71AB80095B378 /* ViewController.swift in Sources */ = {isa = PBXBuildFile; fileRef = 6680263425D71AB80095B378 /* ViewController.swift */; };
		6680263825D71AB80095B378 /* Main.storyboard in Resources */ = {isa = PBXBuildFile; fileRef = 6680263625D71AB80095B378 /* Main.storyboard */; };
		6680263A25D71ABE0095B378 /* Assets.xcassets in Resources */ = {isa = PBXBuildFile; fileRef = 6680263925D71ABE0095B378 /* Assets.xcassets */; };
		6680263D25D71ABE0095B378 /* LaunchScreen.storyboard in Resources */ = {isa = PBXBuildFile; fileRef = 6680263B25D71ABE0095B378 /* LaunchScreen.storyboard */; };
		6680265325D71ABF0095B378 /* OpenProfUITests.swift in Sources */ = {isa = PBXBuildFile; fileRef = 6680265225D71ABF0095B378 /* OpenProfUITests.swift */; };
		6680266425D7D0700095B378 /* StoreViewController.swift in Sources */ = {isa = PBXBuildFile; fileRef = 6680266325D7D0700095B378 /* StoreViewController.swift */; };
		6680266925D7D0920095B378 /* CardsViewController.swift in Sources */ = {isa = PBXBuildFile; fileRef = 6680266825D7D0920095B378 /* CardsViewController.swift */; };
		66946860261CAD0000DF5813 /* FightViewController.swift in Sources */ = {isa = PBXBuildFile; fileRef = 6694685F261CAD0000DF5813 /* FightViewController.swift */; };
		66946870261D0B7F00DF5813 /* DeckTableViewCell.swift in Sources */ = {isa = PBXBuildFile; fileRef = 6694686F261D0B7F00DF5813 /* DeckTableViewCell.swift */; };
		66946878261D0F2200DF5813 /* TableDeckViewController.swift in Sources */ = {isa = PBXBuildFile; fileRef = 66946877261D0F2200DF5813 /* TableDeckViewController.swift */; };
		669961D725F758C900386B6B /* PAJViewController.swift in Sources */ = {isa = PBXBuildFile; fileRef = 669961D625F758C900386B6B /* PAJViewController.swift */; };
		66BC9904261E0CD200F847AF /* LevelsViewController.swift in Sources */ = {isa = PBXBuildFile; fileRef = 66BC9903261E0CD200F847AF /* LevelsViewController.swift */; };
		66BC990C261E2DE700F847AF /* TutorialViewController.swift in Sources */ = {isa = PBXBuildFile; fileRef = 66BC990B261E2DE700F847AF /* TutorialViewController.swift */; };
		66E73E7E261B77DA0021737D /* DocViewController.swift in Sources */ = {isa = PBXBuildFile; fileRef = 66E73E7D261B77DA0021737D /* DocViewController.swift */; };
		66E73E83261B97590021737D /* SettingsViewController.swift in Sources */ = {isa = PBXBuildFile; fileRef = 66E73E82261B97590021737D /* SettingsViewController.swift */; };
		66EF9D7B25EBE9EB0023E948 /* MenuBarViewController.swift in Sources */ = {isa = PBXBuildFile; fileRef = 66EF9D7A25EBE9EB0023E948 /* MenuBarViewController.swift */; };
/* End PBXBuildFile section */

/* Begin PBXContainerItemProxy section */
		6680264425D71ABF0095B378 /* PBXContainerItemProxy */ = {
			isa = PBXContainerItemProxy;
			containerPortal = 6680262525D71AB80095B378 /* Project object */;
			proxyType = 1;
			remoteGlobalIDString = 6680262C25D71AB80095B378;
			remoteInfo = OpenProf;
		};
		6680264F25D71ABF0095B378 /* PBXContainerItemProxy */ = {
			isa = PBXContainerItemProxy;
			containerPortal = 6680262525D71AB80095B378 /* Project object */;
			proxyType = 1;
			remoteGlobalIDString = 6680262C25D71AB80095B378;
			remoteInfo = OpenProf;
		};
/* End PBXContainerItemProxy section */

/* Begin PBXFileReference section */
		66231D2325EADDE600FC70A6 /* test.xcdatamodel */ = {isa = PBXFileReference; lastKnownFileType = wrapper.xcdatamodel; path = test.xcdatamodel; sourceTree = "<group>"; };
		66231D2825EADF4A00FC70A6 /* LoginViewController.swift */ = {isa = PBXFileReference; lastKnownFileType = sourcecode.swift; path = LoginViewController.swift; sourceTree = "<group>"; };
		6629C60526060920007859A7 /* ProfilViewController.swift */ = {isa = PBXFileReference; lastKnownFileType = sourcecode.swift; path = ProfilViewController.swift; sourceTree = "<group>"; };
		66559B3925F7FA33008D92E4 /* YouBlockhead.ttf */ = {isa = PBXFileReference; lastKnownFileType = file; path = YouBlockhead.ttf; sourceTree = "<group>"; };
		6665ACDD2617AAB000688AF2 /* LaunchScreenController.swift */ = {isa = PBXFileReference; lastKnownFileType = sourcecode.swift; path = LaunchScreenController.swift; sourceTree = "<group>"; };
		6680262D25D71AB80095B378 /* OpenProf.app */ = {isa = PBXFileReference; explicitFileType = wrapper.application; includeInIndex = 0; path = OpenProf.app; sourceTree = BUILT_PRODUCTS_DIR; };
		6680263025D71AB80095B378 /* AppDelegate.swift */ = {isa = PBXFileReference; lastKnownFileType = sourcecode.swift; path = AppDelegate.swift; sourceTree = "<group>"; };
		6680263225D71AB80095B378 /* SceneDelegate.swift */ = {isa = PBXFileReference; lastKnownFileType = sourcecode.swift; path = SceneDelegate.swift; sourceTree = "<group>"; };
		6680263425D71AB80095B378 /* ViewController.swift */ = {isa = PBXFileReference; lastKnownFileType = sourcecode.swift; path = ViewController.swift; sourceTree = "<group>"; };
		6680263725D71AB80095B378 /* Base */ = {isa = PBXFileReference; lastKnownFileType = file.storyboard; name = Base; path = Base.lproj/Main.storyboard; sourceTree = "<group>"; };
		6680263925D71ABE0095B378 /* Assets.xcassets */ = {isa = PBXFileReference; lastKnownFileType = folder.assetcatalog; path = Assets.xcassets; sourceTree = "<group>"; };
		6680263C25D71ABE0095B378 /* Base */ = {isa = PBXFileReference; lastKnownFileType = file.storyboard; name = Base; path = Base.lproj/LaunchScreen.storyboard; sourceTree = "<group>"; };
		6680263E25D71ABE0095B378 /* Info.plist */ = {isa = PBXFileReference; lastKnownFileType = text.plist.xml; path = Info.plist; sourceTree = "<group>"; };
		6680264325D71ABF0095B378 /* OpenProfTests.xctest */ = {isa = PBXFileReference; explicitFileType = wrapper.cfbundle; includeInIndex = 0; path = OpenProfTests.xctest; sourceTree = BUILT_PRODUCTS_DIR; };
		6680264725D71ABF0095B378 /* OpenProfTests.swift */ = {isa = PBXFileReference; lastKnownFileType = sourcecode.swift; path = OpenProfTests.swift; sourceTree = "<group>"; };
		6680264925D71ABF0095B378 /* Info.plist */ = {isa = PBXFileReference; lastKnownFileType = text.plist.xml; path = Info.plist; sourceTree = "<group>"; };
		6680264E25D71ABF0095B378 /* OpenProfUITests.xctest */ = {isa = PBXFileReference; explicitFileType = wrapper.cfbundle; includeInIndex = 0; path = OpenProfUITests.xctest; sourceTree = BUILT_PRODUCTS_DIR; };
		6680265225D71ABF0095B378 /* OpenProfUITests.swift */ = {isa = PBXFileReference; lastKnownFileType = sourcecode.swift; path = OpenProfUITests.swift; sourceTree = "<group>"; };
		6680265425D71ABF0095B378 /* Info.plist */ = {isa = PBXFileReference; lastKnownFileType = text.plist.xml; path = Info.plist; sourceTree = "<group>"; };
		6680266325D7D0700095B378 /* StoreViewController.swift */ = {isa = PBXFileReference; lastKnownFileType = sourcecode.swift; path = StoreViewController.swift; sourceTree = "<group>"; };
		6680266825D7D0920095B378 /* CardsViewController.swift */ = {isa = PBXFileReference; lastKnownFileType = sourcecode.swift; path = CardsViewController.swift; sourceTree = "<group>"; };
		6694685F261CAD0000DF5813 /* FightViewController.swift */ = {isa = PBXFileReference; lastKnownFileType = sourcecode.swift; path = FightViewController.swift; sourceTree = "<group>"; };
		6694686F261D0B7F00DF5813 /* DeckTableViewCell.swift */ = {isa = PBXFileReference; lastKnownFileType = sourcecode.swift; path = DeckTableViewCell.swift; sourceTree = "<group>"; };
		66946877261D0F2200DF5813 /* TableDeckViewController.swift */ = {isa = PBXFileReference; lastKnownFileType = sourcecode.swift; path = TableDeckViewController.swift; sourceTree = "<group>"; };
		669961D625F758C900386B6B /* PAJViewController.swift */ = {isa = PBXFileReference; lastKnownFileType = sourcecode.swift; path = PAJViewController.swift; sourceTree = "<group>"; };
		66BC9903261E0CD200F847AF /* LevelsViewController.swift */ = {isa = PBXFileReference; lastKnownFileType = sourcecode.swift; path = LevelsViewController.swift; sourceTree = "<group>"; };
		66BC990B261E2DE700F847AF /* TutorialViewController.swift */ = {isa = PBXFileReference; lastKnownFileType = sourcecode.swift; path = TutorialViewController.swift; sourceTree = "<group>"; };
		66E73E7D261B77DA0021737D /* DocViewController.swift */ = {isa = PBXFileReference; lastKnownFileType = sourcecode.swift; path = DocViewController.swift; sourceTree = "<group>"; };
		66E73E82261B97590021737D /* SettingsViewController.swift */ = {isa = PBXFileReference; lastKnownFileType = sourcecode.swift; path = SettingsViewController.swift; sourceTree = "<group>"; };
		66EF9D7A25EBE9EB0023E948 /* MenuBarViewController.swift */ = {isa = PBXFileReference; lastKnownFileType = sourcecode.swift; path = MenuBarViewController.swift; sourceTree = "<group>"; };
/* End PBXFileReference section */

/* Begin PBXFrameworksBuildPhase section */
		6680262A25D71AB80095B378 /* Frameworks */ = {
			isa = PBXFrameworksBuildPhase;
			buildActionMask = 2147483647;
			files = (
			);
			runOnlyForDeploymentPostprocessing = 0;
		};
		6680264025D71ABF0095B378 /* Frameworks */ = {
			isa = PBXFrameworksBuildPhase;
			buildActionMask = 2147483647;
			files = (
			);
			runOnlyForDeploymentPostprocessing = 0;
		};
		6680264B25D71ABF0095B378 /* Frameworks */ = {
			isa = PBXFrameworksBuildPhase;
			buildActionMask = 2147483647;
			files = (
			);
			runOnlyForDeploymentPostprocessing = 0;
		};
/* End PBXFrameworksBuildPhase section */

/* Begin PBXGroup section */
		6680262425D71AB80095B378 = {
			isa = PBXGroup;
			children = (
				6680262F25D71AB80095B378 /* OpenProf */,
				6680264625D71ABF0095B378 /* OpenProfTests */,
				6680265125D71ABF0095B378 /* OpenProfUITests */,
				6680262E25D71AB80095B378 /* Products */,
			);
			sourceTree = "<group>";
		};
		6680262E25D71AB80095B378 /* Products */ = {
			isa = PBXGroup;
			children = (
				6680262D25D71AB80095B378 /* OpenProf.app */,
				6680264325D71ABF0095B378 /* OpenProfTests.xctest */,
				6680264E25D71ABF0095B378 /* OpenProfUITests.xctest */,
			);
			name = Products;
			sourceTree = "<group>";
		};
		6680262F25D71AB80095B378 /* OpenProf */ = {
			isa = PBXGroup;
			children = (
				66231D2225EADDE600FC70A6 /* OpenProf.xcdatamodeld */,
				6680263025D71AB80095B378 /* AppDelegate.swift */,
				6680263225D71AB80095B378 /* SceneDelegate.swift */,
				6680263425D71AB80095B378 /* ViewController.swift */,
				6680263625D71AB80095B378 /* Main.storyboard */,
				66559B3925F7FA33008D92E4 /* YouBlockhead.ttf */,
				6680263925D71ABE0095B378 /* Assets.xcassets */,
				6680263B25D71ABE0095B378 /* LaunchScreen.storyboard */,
				6680263E25D71ABE0095B378 /* Info.plist */,
				6680266325D7D0700095B378 /* StoreViewController.swift */,
				6680266825D7D0920095B378 /* CardsViewController.swift */,
				66231D2825EADF4A00FC70A6 /* LoginViewController.swift */,
				66EF9D7A25EBE9EB0023E948 /* MenuBarViewController.swift */,
				669961D625F758C900386B6B /* PAJViewController.swift */,
				6629C60526060920007859A7 /* ProfilViewController.swift */,
				6665ACDD2617AAB000688AF2 /* LaunchScreenController.swift */,
				66E73E7D261B77DA0021737D /* DocViewController.swift */,
				66E73E82261B97590021737D /* SettingsViewController.swift */,
				6694685F261CAD0000DF5813 /* FightViewController.swift */,
				6694686F261D0B7F00DF5813 /* DeckTableViewCell.swift */,
				66946877261D0F2200DF5813 /* TableDeckViewController.swift */,
				66BC9903261E0CD200F847AF /* LevelsViewController.swift */,
				66BC990B261E2DE700F847AF /* TutorialViewController.swift */,
			);
			path = OpenProf;
			sourceTree = "<group>";
		};
		6680264625D71ABF0095B378 /* OpenProfTests */ = {
			isa = PBXGroup;
			children = (
				6680264725D71ABF0095B378 /* OpenProfTests.swift */,
				6680264925D71ABF0095B378 /* Info.plist */,
			);
			path = OpenProfTests;
			sourceTree = "<group>";
		};
		6680265125D71ABF0095B378 /* OpenProfUITests */ = {
			isa = PBXGroup;
			children = (
				6680265225D71ABF0095B378 /* OpenProfUITests.swift */,
				6680265425D71ABF0095B378 /* Info.plist */,
			);
			path = OpenProfUITests;
			sourceTree = "<group>";
		};
/* End PBXGroup section */

/* Begin PBXNativeTarget section */
		6680262C25D71AB80095B378 /* OpenProf */ = {
			isa = PBXNativeTarget;
			buildConfigurationList = 6680265725D71ABF0095B378 /* Build configuration list for PBXNativeTarget "OpenProf" */;
			buildPhases = (
				6680262925D71AB80095B378 /* Sources */,
				6680262A25D71AB80095B378 /* Frameworks */,
				6680262B25D71AB80095B378 /* Resources */,
			);
			buildRules = (
			);
			dependencies = (
			);
			name = OpenProf;
			productName = OpenProf;
			productReference = 6680262D25D71AB80095B378 /* OpenProf.app */;
			productType = "com.apple.product-type.application";
		};
		6680264225D71ABF0095B378 /* OpenProfTests */ = {
			isa = PBXNativeTarget;
			buildConfigurationList = 6680265A25D71ABF0095B378 /* Build configuration list for PBXNativeTarget "OpenProfTests" */;
			buildPhases = (
				6680263F25D71ABF0095B378 /* Sources */,
				6680264025D71ABF0095B378 /* Frameworks */,
				6680264125D71ABF0095B378 /* Resources */,
			);
			buildRules = (
			);
			dependencies = (
				6680264525D71ABF0095B378 /* PBXTargetDependency */,
			);
			name = OpenProfTests;
			productName = OpenProfTests;
			productReference = 6680264325D71ABF0095B378 /* OpenProfTests.xctest */;
			productType = "com.apple.product-type.bundle.unit-test";
		};
		6680264D25D71ABF0095B378 /* OpenProfUITests */ = {
			isa = PBXNativeTarget;
			buildConfigurationList = 6680265D25D71ABF0095B378 /* Build configuration list for PBXNativeTarget "OpenProfUITests" */;
			buildPhases = (
				6680264A25D71ABF0095B378 /* Sources */,
				6680264B25D71ABF0095B378 /* Frameworks */,
				6680264C25D71ABF0095B378 /* Resources */,
			);
			buildRules = (
			);
			dependencies = (
				6680265025D71ABF0095B378 /* PBXTargetDependency */,
			);
			name = OpenProfUITests;
			productName = OpenProfUITests;
			productReference = 6680264E25D71ABF0095B378 /* OpenProfUITests.xctest */;
			productType = "com.apple.product-type.bundle.ui-testing";
		};
/* End PBXNativeTarget section */

/* Begin PBXProject section */
		6680262525D71AB80095B378 /* Project object */ = {
			isa = PBXProject;
			attributes = {
				LastSwiftUpdateCheck = 1240;
				LastUpgradeCheck = 1240;
				TargetAttributes = {
					6680262C25D71AB80095B378 = {
						CreatedOnToolsVersion = 12.4;
					};
					6680264225D71ABF0095B378 = {
						CreatedOnToolsVersion = 12.4;
						TestTargetID = 6680262C25D71AB80095B378;
					};
					6680264D25D71ABF0095B378 = {
						CreatedOnToolsVersion = 12.4;
						TestTargetID = 6680262C25D71AB80095B378;
					};
				};
			};
			buildConfigurationList = 6680262825D71AB80095B378 /* Build configuration list for PBXProject "OpenProf" */;
			compatibilityVersion = "Xcode 12.0";
			developmentRegion = en;
			hasScannedForEncodings = 0;
			knownRegions = (
				en,
				Base,
			);
			mainGroup = 6680262425D71AB80095B378;
			productRefGroup = 6680262E25D71AB80095B378 /* Products */;
			projectDirPath = "";
			projectRoot = "";
			targets = (
				6680262C25D71AB80095B378 /* OpenProf */,
				6680264225D71ABF0095B378 /* OpenProfTests */,
				6680264D25D71ABF0095B378 /* OpenProfUITests */,
			);
		};
/* End PBXProject section */

/* Begin PBXResourcesBuildPhase section */
		6680262B25D71AB80095B378 /* Resources */ = {
			isa = PBXResourcesBuildPhase;
			buildActionMask = 2147483647;
			files = (
				6680263D25D71ABE0095B378 /* LaunchScreen.storyboard in Resources */,
				6680263A25D71ABE0095B378 /* Assets.xcassets in Resources */,
				6680263825D71AB80095B378 /* Main.storyboard in Resources */,
				6619304B26165AAB00C1CB4C /* YouBlockhead.ttf in Resources */,
			);
			runOnlyForDeploymentPostprocessing = 0;
		};
		6680264125D71ABF0095B378 /* Resources */ = {
			isa = PBXResourcesBuildPhase;
			buildActionMask = 2147483647;
			files = (
			);
			runOnlyForDeploymentPostprocessing = 0;
		};
		6680264C25D71ABF0095B378 /* Resources */ = {
			isa = PBXResourcesBuildPhase;
			buildActionMask = 2147483647;
			files = (
			);
			runOnlyForDeploymentPostprocessing = 0;
		};
/* End PBXResourcesBuildPhase section */

/* Begin PBXSourcesBuildPhase section */
		6680262925D71AB80095B378 /* Sources */ = {
			isa = PBXSourcesBuildPhase;
			buildActionMask = 2147483647;
			files = (
				6619307026165CAD00C1CB4C /* OpenProf.xcdatamodeld in Sources */,
				6629C60626060920007859A7 /* ProfilViewController.swift in Sources */,
				669961D725F758C900386B6B /* PAJViewController.swift in Sources */,
				6680266425D7D0700095B378 /* StoreViewController.swift in Sources */,
				6680263525D71AB80095B378 /* ViewController.swift in Sources */,
				66946860261CAD0000DF5813 /* FightViewController.swift in Sources */,
				66946878261D0F2200DF5813 /* TableDeckViewController.swift in Sources */,
				66946870261D0B7F00DF5813 /* DeckTableViewCell.swift in Sources */,
				6665ACDE2617AAB000688AF2 /* LaunchScreenController.swift in Sources */,
				6680266925D7D0920095B378 /* CardsViewController.swift in Sources */,
				66BC990C261E2DE700F847AF /* TutorialViewController.swift in Sources */,
				66E73E7E261B77DA0021737D /* DocViewController.swift in Sources */,
				66E73E83261B97590021737D /* SettingsViewController.swift in Sources */,
				66BC9904261E0CD200F847AF /* LevelsViewController.swift in Sources */,
				66231D2925EADF4A00FC70A6 /* LoginViewController.swift in Sources */,
				66EF9D7B25EBE9EB0023E948 /* MenuBarViewController.swift in Sources */,
				6680263125D71AB80095B378 /* AppDelegate.swift in Sources */,
				6680263325D71AB80095B378 /* SceneDelegate.swift in Sources */,
			);
			runOnlyForDeploymentPostprocessing = 0;
		};
		6680263F25D71ABF0095B378 /* Sources */ = {
			isa = PBXSourcesBuildPhase;
			buildActionMask = 2147483647;
			files = (
				6619305326165AC800C1CB4C /* OpenProfTests.swift in Sources */,
			);
			runOnlyForDeploymentPostprocessing = 0;
		};
		6680264A25D71ABF0095B378 /* Sources */ = {
			isa = PBXSourcesBuildPhase;
			buildActionMask = 2147483647;
			files = (
				6680265325D71ABF0095B378 /* OpenProfUITests.swift in Sources */,
			);
			runOnlyForDeploymentPostprocessing = 0;
		};
/* End PBXSourcesBuildPhase section */

/* Begin PBXTargetDependency section */
		6680264525D71ABF0095B378 /* PBXTargetDependency */ = {
			isa = PBXTargetDependency;
			target = 6680262C25D71AB80095B378 /* OpenProf */;
			targetProxy = 6680264425D71ABF0095B378 /* PBXContainerItemProxy */;
		};
		6680265025D71ABF0095B378 /* PBXTargetDependency */ = {
			isa = PBXTargetDependency;
			target = 6680262C25D71AB80095B378 /* OpenProf */;
			targetProxy = 6680264F25D71ABF0095B378 /* PBXContainerItemProxy */;
		};
/* End PBXTargetDependency section */

/* Begin PBXVariantGroup section */
		6680263625D71AB80095B378 /* Main.storyboard */ = {
			isa = PBXVariantGroup;
			children = (
				6680263725D71AB80095B378 /* Base */,
			);
			name = Main.storyboard;
			sourceTree = "<group>";
		};
		6680263B25D71ABE0095B378 /* LaunchScreen.storyboard */ = {
			isa = PBXVariantGroup;
			children = (
				6680263C25D71ABE0095B378 /* Base */,
			);
			name = LaunchScreen.storyboard;
			sourceTree = "<group>";
		};
/* End PBXVariantGroup section */

/* Begin XCBuildConfiguration section */
		6680265525D71ABF0095B378 /* Debug */ = {
			isa = XCBuildConfiguration;
			buildSettings = {
				ALWAYS_SEARCH_USER_PATHS = NO;
				CLANG_ANALYZER_NONNULL = YES;
				CLANG_ANALYZER_NUMBER_OBJECT_CONVERSION = YES_AGGRESSIVE;
				CLANG_CXX_LANGUAGE_STANDARD = "gnu++14";
				CLANG_CXX_LIBRARY = "libc++";
				CLANG_ENABLE_MODULES = YES;
				CLANG_ENABLE_OBJC_ARC = YES;
				CLANG_ENABLE_OBJC_WEAK = YES;
				CLANG_WARN_BLOCK_CAPTURE_AUTORELEASING = YES;
				CLANG_WARN_BOOL_CONVERSION = YES;
				CLANG_WARN_COMMA = YES;
				CLANG_WARN_CONSTANT_CONVERSION = YES;
				CLANG_WARN_DEPRECATED_OBJC_IMPLEMENTATIONS = YES;
				CLANG_WARN_DIRECT_OBJC_ISA_USAGE = YES_ERROR;
				CLANG_WARN_DOCUMENTATION_COMMENTS = YES;
				CLANG_WARN_EMPTY_BODY = YES;
				CLANG_WARN_ENUM_CONVERSION = YES;
				CLANG_WARN_INFINITE_RECURSION = YES;
				CLANG_WARN_INT_CONVERSION = YES;
				CLANG_WARN_NON_LITERAL_NULL_CONVERSION = YES;
				CLANG_WARN_OBJC_IMPLICIT_RETAIN_SELF = YES;
				CLANG_WARN_OBJC_LITERAL_CONVERSION = YES;
				CLANG_WARN_OBJC_ROOT_CLASS = YES_ERROR;
				CLANG_WARN_QUOTED_INCLUDE_IN_FRAMEWORK_HEADER = YES;
				CLANG_WARN_RANGE_LOOP_ANALYSIS = YES;
				CLANG_WARN_STRICT_PROTOTYPES = YES;
				CLANG_WARN_SUSPICIOUS_MOVE = YES;
				CLANG_WARN_UNGUARDED_AVAILABILITY = YES_AGGRESSIVE;
				CLANG_WARN_UNREACHABLE_CODE = YES;
				CLANG_WARN__DUPLICATE_METHOD_MATCH = YES;
				COPY_PHASE_STRIP = NO;
				DEBUG_INFORMATION_FORMAT = dwarf;
				ENABLE_STRICT_OBJC_MSGSEND = YES;
				ENABLE_TESTABILITY = YES;
				GCC_C_LANGUAGE_STANDARD = gnu11;
				GCC_DYNAMIC_NO_PIC = NO;
				GCC_NO_COMMON_BLOCKS = YES;
				GCC_OPTIMIZATION_LEVEL = 0;
				GCC_PREPROCESSOR_DEFINITIONS = (
					"DEBUG=1",
					"$(inherited)",
				);
				GCC_WARN_64_TO_32_BIT_CONVERSION = YES;
				GCC_WARN_ABOUT_RETURN_TYPE = YES_ERROR;
				GCC_WARN_UNDECLARED_SELECTOR = YES;
				GCC_WARN_UNINITIALIZED_AUTOS = YES_AGGRESSIVE;
				GCC_WARN_UNUSED_FUNCTION = YES;
				GCC_WARN_UNUSED_VARIABLE = YES;
				IPHONEOS_DEPLOYMENT_TARGET = 14.4;
				MTL_ENABLE_DEBUG_INFO = INCLUDE_SOURCE;
				MTL_FAST_MATH = YES;
				ONLY_ACTIVE_ARCH = YES;
				SDKROOT = iphoneos;
				SWIFT_ACTIVE_COMPILATION_CONDITIONS = DEBUG;
				SWIFT_OPTIMIZATION_LEVEL = "-Onone";
			};
			name = Debug;
		};
		6680265625D71ABF0095B378 /* Release */ = {
			isa = XCBuildConfiguration;
			buildSettings = {
				ALWAYS_SEARCH_USER_PATHS = NO;
				CLANG_ANALYZER_NONNULL = YES;
				CLANG_ANALYZER_NUMBER_OBJECT_CONVERSION = YES_AGGRESSIVE;
				CLANG_CXX_LANGUAGE_STANDARD = "gnu++14";
				CLANG_CXX_LIBRARY = "libc++";
				CLANG_ENABLE_MODULES = YES;
				CLANG_ENABLE_OBJC_ARC = YES;
				CLANG_ENABLE_OBJC_WEAK = YES;
				CLANG_WARN_BLOCK_CAPTURE_AUTORELEASING = YES;
				CLANG_WARN_BOOL_CONVERSION = YES;
				CLANG_WARN_COMMA = YES;
				CLANG_WARN_CONSTANT_CONVERSION = YES;
				CLANG_WARN_DEPRECATED_OBJC_IMPLEMENTATIONS = YES;
				CLANG_WARN_DIRECT_OBJC_ISA_USAGE = YES_ERROR;
				CLANG_WARN_DOCUMENTATION_COMMENTS = YES;
				CLANG_WARN_EMPTY_BODY = YES;
				CLANG_WARN_ENUM_CONVERSION = YES;
				CLANG_WARN_INFINITE_RECURSION = YES;
				CLANG_WARN_INT_CONVERSION = YES;
				CLANG_WARN_NON_LITERAL_NULL_CONVERSION = YES;
				CLANG_WARN_OBJC_IMPLICIT_RETAIN_SELF = YES;
				CLANG_WARN_OBJC_LITERAL_CONVERSION = YES;
				CLANG_WARN_OBJC_ROOT_CLASS = YES_ERROR;
				CLANG_WARN_QUOTED_INCLUDE_IN_FRAMEWORK_HEADER = YES;
				CLANG_WARN_RANGE_LOOP_ANALYSIS = YES;
				CLANG_WARN_STRICT_PROTOTYPES = YES;
				CLANG_WARN_SUSPICIOUS_MOVE = YES;
				CLANG_WARN_UNGUARDED_AVAILABILITY = YES_AGGRESSIVE;
				CLANG_WARN_UNREACHABLE_CODE = YES;
				CLANG_WARN__DUPLICATE_METHOD_MATCH = YES;
				COPY_PHASE_STRIP = NO;
				DEBUG_INFORMATION_FORMAT = "dwarf-with-dsym";
				ENABLE_NS_ASSERTIONS = NO;
				ENABLE_STRICT_OBJC_MSGSEND = YES;
				GCC_C_LANGUAGE_STANDARD = gnu11;
				GCC_NO_COMMON_BLOCKS = YES;
				GCC_WARN_64_TO_32_BIT_CONVERSION = YES;
				GCC_WARN_ABOUT_RETURN_TYPE = YES_ERROR;
				GCC_WARN_UNDECLARED_SELECTOR = YES;
				GCC_WARN_UNINITIALIZED_AUTOS = YES_AGGRESSIVE;
				GCC_WARN_UNUSED_FUNCTION = YES;
				GCC_WARN_UNUSED_VARIABLE = YES;
				IPHONEOS_DEPLOYMENT_TARGET = 14.4;
				MTL_ENABLE_DEBUG_INFO = NO;
				MTL_FAST_MATH = YES;
				SDKROOT = iphoneos;
				SWIFT_COMPILATION_MODE = wholemodule;
				SWIFT_OPTIMIZATION_LEVEL = "-O";
				VALIDATE_PRODUCT = YES;
			};
			name = Release;
		};
		6680265825D71ABF0095B378 /* Debug */ = {
			isa = XCBuildConfiguration;
			buildSettings = {
				ASSETCATALOG_COMPILER_APPICON_NAME = AppIcon;
				ASSETCATALOG_COMPILER_GLOBAL_ACCENT_COLOR_NAME = AccentColor;
				CODE_SIGN_IDENTITY = "Apple Development";
				CODE_SIGN_STYLE = Automatic;
				CURRENT_PROJECT_VERSION = 1;
				DEVELOPMENT_TEAM = 7638689T9P;
				INFOPLIST_FILE = OpenProf/Info.plist;
				IPHONEOS_DEPLOYMENT_TARGET = 14.4;
				LD_RUNPATH_SEARCH_PATHS = (
					"$(inherited)",
					"@executable_path/Frameworks",
				);
				MARKETING_VERSION = 1.3;
				PRODUCT_BUNDLE_IDENTIFIER = tracerline.OpenProf;
				PRODUCT_NAME = "$(TARGET_NAME)";
				PROVISIONING_PROFILE_SPECIFIER = "";
				SWIFT_VERSION = 5.0;
				TARGETED_DEVICE_FAMILY = 1;
			};
			name = Debug;
		};
		6680265925D71ABF0095B378 /* Release */ = {
			isa = XCBuildConfiguration;
			buildSettings = {
				ASSETCATALOG_COMPILER_APPICON_NAME = AppIcon;
				ASSETCATALOG_COMPILER_GLOBAL_ACCENT_COLOR_NAME = AccentColor;
				CODE_SIGN_IDENTITY = "Apple Development";
				CODE_SIGN_STYLE = Automatic;
				CURRENT_PROJECT_VERSION = 1;
				DEVELOPMENT_TEAM = 7638689T9P;
				INFOPLIST_FILE = OpenProf/Info.plist;
				IPHONEOS_DEPLOYMENT_TARGET = 14.4;
				LD_RUNPATH_SEARCH_PATHS = (
					"$(inherited)",
					"@executable_path/Frameworks",
				);
				MARKETING_VERSION = 1.3;
				PRODUCT_BUNDLE_IDENTIFIER = tracerline.OpenProf;
				PRODUCT_NAME = "$(TARGET_NAME)";
				PROVISIONING_PROFILE_SPECIFIER = "";
				SWIFT_VERSION = 5.0;
				TARGETED_DEVICE_FAMILY = 1;
			};
			name = Release;
		};
		6680265B25D71ABF0095B378 /* Debug */ = {
			isa = XCBuildConfiguration;
			buildSettings = {
				ALWAYS_EMBED_SWIFT_STANDARD_LIBRARIES = YES;
				BUNDLE_LOADER = "$(TEST_HOST)";
				CODE_SIGN_STYLE = Automatic;
				DEVELOPMENT_TEAM = 7638689T9P;
				INFOPLIST_FILE = OpenProfTests/Info.plist;
				IPHONEOS_DEPLOYMENT_TARGET = 14.4;
				LD_RUNPATH_SEARCH_PATHS = (
					"$(inherited)",
					"@executable_path/Frameworks",
					"@loader_path/Frameworks",
				);
				PRODUCT_BUNDLE_IDENTIFIER = tracerline.OpenProfTests;
				PRODUCT_NAME = "$(TARGET_NAME)";
				SWIFT_VERSION = 5.0;
				TARGETED_DEVICE_FAMILY = "1,2";
				TEST_HOST = "$(BUILT_PRODUCTS_DIR)/OpenProf.app/OpenProf";
			};
			name = Debug;
		};
		6680265C25D71ABF0095B378 /* Release */ = {
			isa = XCBuildConfiguration;
			buildSettings = {
				ALWAYS_EMBED_SWIFT_STANDARD_LIBRARIES = YES;
				BUNDLE_LOADER = "$(TEST_HOST)";
				CODE_SIGN_STYLE = Automatic;
				INFOPLIST_FILE = OpenProfTests/Info.plist;
				IPHONEOS_DEPLOYMENT_TARGET = 14.4;
				LD_RUNPATH_SEARCH_PATHS = (
					"$(inherited)",
					"@executable_path/Frameworks",
					"@loader_path/Frameworks",
				);
				PRODUCT_BUNDLE_IDENTIFIER = tracerline.OpenProfTests;
				PRODUCT_NAME = "$(TARGET_NAME)";
				SWIFT_VERSION = 5.0;
				TARGETED_DEVICE_FAMILY = "1,2";
				TEST_HOST = "$(BUILT_PRODUCTS_DIR)/OpenProf.app/OpenProf";
			};
			name = Release;
		};
		6680265E25D71ABF0095B378 /* Debug */ = {
			isa = XCBuildConfiguration;
			buildSettings = {
				ALWAYS_EMBED_SWIFT_STANDARD_LIBRARIES = YES;
				CODE_SIGN_STYLE = Automatic;
				DEVELOPMENT_TEAM = 7638689T9P;
				INFOPLIST_FILE = OpenProfUITests/Info.plist;
				LD_RUNPATH_SEARCH_PATHS = (
					"$(inherited)",
					"@executable_path/Frameworks",
					"@loader_path/Frameworks",
				);
				PRODUCT_BUNDLE_IDENTIFIER = tracerline.OpenProfUITests;
				PRODUCT_NAME = "$(TARGET_NAME)";
				SWIFT_VERSION = 5.0;
				TARGETED_DEVICE_FAMILY = "1,2";
				TEST_TARGET_NAME = OpenProf;
			};
			name = Debug;
		};
		6680265F25D71ABF0095B378 /* Release */ = {
			isa = XCBuildConfiguration;
			buildSettings = {
				ALWAYS_EMBED_SWIFT_STANDARD_LIBRARIES = YES;
				CODE_SIGN_STYLE = Automatic;
				INFOPLIST_FILE = OpenProfUITests/Info.plist;
				LD_RUNPATH_SEARCH_PATHS = (
					"$(inherited)",
					"@executable_path/Frameworks",
					"@loader_path/Frameworks",
				);
				PRODUCT_BUNDLE_IDENTIFIER = tracerline.OpenProfUITests;
				PRODUCT_NAME = "$(TARGET_NAME)";
				SWIFT_VERSION = 5.0;
				TARGETED_DEVICE_FAMILY = "1,2";
				TEST_TARGET_NAME = OpenProf;
			};
			name = Release;
		};
/* End XCBuildConfiguration section */

/* Begin XCConfigurationList section */
		6680262825D71AB80095B378 /* Build configuration list for PBXProject "OpenProf" */ = {
			isa = XCConfigurationList;
			buildConfigurations = (
				6680265525D71ABF0095B378 /* Debug */,
				6680265625D71ABF0095B378 /* Release */,
			);
			defaultConfigurationIsVisible = 0;
			defaultConfigurationName = Release;
		};
		6680265725D71ABF0095B378 /* Build configuration list for PBXNativeTarget "OpenProf" */ = {
			isa = XCConfigurationList;
			buildConfigurations = (
				6680265825D71ABF0095B378 /* Debug */,
				6680265925D71ABF0095B378 /* Release */,
			);
			defaultConfigurationIsVisible = 0;
			defaultConfigurationName = Release;
		};
		6680265A25D71ABF0095B378 /* Build configuration list for PBXNativeTarget "OpenProfTests" */ = {
			isa = XCConfigurationList;
			buildConfigurations = (
				6680265B25D71ABF0095B378 /* Debug */,
				6680265C25D71ABF0095B378 /* Release */,
			);
			defaultConfigurationIsVisible = 0;
			defaultConfigurationName = Release;
		};
		6680265D25D71ABF0095B378 /* Build configuration list for PBXNativeTarget "OpenProfUITests" */ = {
			isa = XCConfigurationList;
			buildConfigurations = (
				6680265E25D71ABF0095B378 /* Debug */,
				6680265F25D71ABF0095B378 /* Release */,
			);
			defaultConfigurationIsVisible = 0;
			defaultConfigurationName = Release;
		};
/* End XCConfigurationList section */

/* Begin XCVersionGroup section */
		66231D2225EADDE600FC70A6 /* OpenProf.xcdatamodeld */ = {
			isa = XCVersionGroup;
			children = (
				66231D2325EADDE600FC70A6 /* test.xcdatamodel */,
			);
			currentVersion = 66231D2325EADDE600FC70A6 /* test.xcdatamodel */;
			path = OpenProf.xcdatamodeld;
			sourceTree = "<group>";
			versionGroupType = wrapper.xcdatamodel;
		};
/* End XCVersionGroup section */
	};
	rootObject = 6680262525D71AB80095B378 /* Project object */;
}
